
Microsoft Visual Studio Solution File, Format Version 12.00
# Visual Studio Version 17
VisualStudioVersion = 17.9.34728.123
MinimumVisualStudioVersion = 10.0.40219.1
Project("{9A19103F-16F7-4668-BE54-9A1E7A4F7556}") = "Entidades", "Entidades.csproj", "{1E74FC4A-9EAC-4C7F-9132-6356316CF392}"
EndProject
Project("{FAE04EC0-301F-11D3-BF4B-00C04F79EFBC}") = "Test", "..\Test\Test.csproj", "{AC05EB2B-D384-46BF-8CFB-66D32AF9EE9B}"
EndProject
Global
	GlobalSection(SolutionConfigurationPlatforms) = preSolution
		Debug|Any CPU = Debug|Any CPU
		Release|Any CPU = Release|Any CPU
	EndGlobalSection
	GlobalSection(ProjectConfigurationPlatforms) = postSolution
		{1E74FC4A-9EAC-4C7F-9132-6356316CF392}.Debug|Any CPU.ActiveCfg = Debug|Any CPU
		{1E74FC4A-9EAC-4C7F-9132-6356316CF392}.Debug|Any CPU.Build.0 = Debug|Any CPU
		{1E74FC4A-9EAC-4C7F-9132-6356316CF392}.Release|Any CPU.ActiveCfg = Release|Any CPU
		{1E74FC4A-9EAC-4C7F-9132-6356316CF392}.Release|Any CPU.Build.0 = Release|Any CPU
		{AC05EB2B-D384-46BF-8CFB-66D32AF9EE9B}.Debug|Any CPU.ActiveCfg = Debug|Any CPU
		{AC05EB2B-D384-46BF-8CFB-66D32AF9EE9B}.Debug|Any CPU.Build.0 = Debug|Any CPU
		{AC05EB2B-D384-46BF-8CFB-66D32AF9EE9B}.Release|Any CPU.ActiveCfg = Release|Any CPU
		{AC05EB2B-D384-46BF-8CFB-66D32AF9EE9B}.Release|Any CPU.Build.0 = Release|Any CPU
	EndGlobalSection
	GlobalSection(SolutionProperties) = preSolution
		HideSolutionNode = FALSE
	EndGlobalSection
	GlobalSection(ExtensibilityGlobals) = postSolution
		SolutionGuid = {96B45625-2341-4C2D-8D3D-E85FC23CE9AC}
	EndGlobalSection
EndGlobal
